
Microsoft Visual Studio Solution File, Format Version 12.00
# Visual Studio 15
VisualStudioVersion = 15.0.28307.1433
MinimumVisualStudioVersion = 10.0.40219.1
Project("{8BC9CEB8-8B4A-11D0-8D11-00A0C91BC942}") = "Sandbox", "Sandbox\Sandbox.vcxproj", "{07AA1CBD-9B66-471D-8B3B-869B3F17174D}"
EndProject
Project("{8BC9CEB8-8B4A-11D0-8D11-00A0C91BC942}") = "GEngine", "GEngine\GEngine.vcxproj", "{4BC56757-518A-47F5-9F06-666216FE04AA}"
EndProject
Global
	GlobalSection(SolutionConfigurationPlatforms) = preSolution
		Debug|x64 = Debug|x64
		Release|x64 = Release|x64
	EndGlobalSection
	GlobalSection(ProjectConfigurationPlatforms) = postSolution
		{4BC56757-518A-47F5-9F06-666216FE04AA}.Debug|x64.ActiveCfg = Debug|x64
		{4BC56757-518A-47F5-9F06-666216FE04AA}.Debug|x64.Build.0 = Debug|x64
		{4BC56757-518A-47F5-9F06-666216FE04AA}.Release|x64.ActiveCfg = Release|x64
		{4BC56757-518A-47F5-9F06-666216FE04AA}.Release|x64.Build.0 = Release|x64
		{07AA1CBD-9B66-471D-8B3B-869B3F17174D}.Debug|x64.ActiveCfg = Debug|x64
		{07AA1CBD-9B66-471D-8B3B-869B3F17174D}.Debug|x64.Build.0 = Debug|x64
		{07AA1CBD-9B66-471D-8B3B-869B3F17174D}.Release|x64.ActiveCfg = Release|x64
		{07AA1CBD-9B66-471D-8B3B-869B3F17174D}.Release|x64.Build.0 = Release|x64
	EndGlobalSection
	GlobalSection(SolutionProperties) = preSolution
		HideSolutionNode = FALSE
	EndGlobalSection
	GlobalSection(ExtensibilityGlobals) = postSolution
		SolutionGuid = {AEBA306B-BBFA-47E5-905C-DC9D049C15A1}
	EndGlobalSection
EndGlobal
